
Microsoft Visual Studio Solution File, Format Version 12.00
# Visual Studio Version 17
VisualStudioVersion = 17.11.35327.3
MinimumVisualStudioVersion = 10.0.40219.1
Project("{8BC9CEB8-8B4A-11D0-8D11-00A0C91BC942}") = "ЛР6. Строковые данные", "ЛР6. Строковые данные.vcxproj", "{65DBDB0F-0C87-4883-96F6-9CB4F71CB8EC}"
EndProject
Global
	GlobalSection(SolutionConfigurationPlatforms) = preSolution
		Debug|x64 = Debug|x64
		Debug|x86 = Debug|x86
		Release|x64 = Release|x64
		Release|x86 = Release|x86
	EndGlobalSection
	GlobalSection(ProjectConfigurationPlatforms) = postSolution
		{65DBDB0F-0C87-4883-96F6-9CB4F71CB8EC}.Debug|x64.ActiveCfg = Debug|x64
		{65DBDB0F-0C87-4883-96F6-9CB4F71CB8EC}.Debug|x64.Build.0 = Debug|x64
		{65DBDB0F-0C87-4883-96F6-9CB4F71CB8EC}.Debug|x86.ActiveCfg = Debug|Win32
		{65DBDB0F-0C87-4883-96F6-9CB4F71CB8EC}.Debug|x86.Build.0 = Debug|Win32
		{65DBDB0F-0C87-4883-96F6-9CB4F71CB8EC}.Release|x64.ActiveCfg = Release|x64
		{65DBDB0F-0C87-4883-96F6-9CB4F71CB8EC}.Release|x64.Build.0 = Release|x64
		{65DBDB0F-0C87-4883-96F6-9CB4F71CB8EC}.Release|x86.ActiveCfg = Release|Win32
		{65DBDB0F-0C87-4883-96F6-9CB4F71CB8EC}.Release|x86.Build.0 = Release|Win32
	EndGlobalSection
	GlobalSection(SolutionProperties) = preSolution
		HideSolutionNode = FALSE
	EndGlobalSection
	GlobalSection(ExtensibilityGlobals) = postSolution
		SolutionGuid = {53C87B1C-F4AF-409F-8EFA-49F5A4A8A341}
	EndGlobalSection
EndGlobal
