
Microsoft Visual Studio Solution File, Format Version 12.00
# Visual Studio Version 17
VisualStudioVersion = 17.11.35222.181
MinimumVisualStudioVersion = 10.0.40219.1
Project("{8BC9CEB8-8B4A-11D0-8D11-00A0C91BC942}") = "ЛР3.2", "ЛР3.2.vcxproj", "{178ABDD3-7860-4F36-91D4-262BCACE075B}"
EndProject
Global
	GlobalSection(SolutionConfigurationPlatforms) = preSolution
		Debug|x64 = Debug|x64
		Debug|x86 = Debug|x86
		Release|x64 = Release|x64
		Release|x86 = Release|x86
	EndGlobalSection
	GlobalSection(ProjectConfigurationPlatforms) = postSolution
		{178ABDD3-7860-4F36-91D4-262BCACE075B}.Debug|x64.ActiveCfg = Debug|x64
		{178ABDD3-7860-4F36-91D4-262BCACE075B}.Debug|x64.Build.0 = Debug|x64
		{178ABDD3-7860-4F36-91D4-262BCACE075B}.Debug|x86.ActiveCfg = Debug|Win32
		{178ABDD3-7860-4F36-91D4-262BCACE075B}.Debug|x86.Build.0 = Debug|Win32
		{178ABDD3-7860-4F36-91D4-262BCACE075B}.Release|x64.ActiveCfg = Release|x64
		{178ABDD3-7860-4F36-91D4-262BCACE075B}.Release|x64.Build.0 = Release|x64
		{178ABDD3-7860-4F36-91D4-262BCACE075B}.Release|x86.ActiveCfg = Release|Win32
		{178ABDD3-7860-4F36-91D4-262BCACE075B}.Release|x86.Build.0 = Release|Win32
	EndGlobalSection
	GlobalSection(SolutionProperties) = preSolution
		HideSolutionNode = FALSE
	EndGlobalSection
	GlobalSection(ExtensibilityGlobals) = postSolution
		SolutionGuid = {81E7564B-E8BC-4A34-81EC-4F40BACAA785}
	EndGlobalSection
EndGlobal
